{
  "name": "ergohack-vii",
  "lockfileVersion": 3,
  "requires": true,
  "packages": {
    "": {
      "dependencies": {
        "@fleet-sdk/compiler": "^0.2.3",
        "@fleet-sdk/core": "^0.2.3"
      },
      "devDependencies": {
        "@types/node": "^20.8.6",
        "typescript": "^5.2.2"
      }
    },
    "node_modules/@fleet-sdk/common": {
      "version": "0.2.3",
      "resolved": "https://registry.npmjs.org/@fleet-sdk/common/-/common-0.2.3.tgz",
      "integrity": "sha512-pu0h/RnmEyvS6egs6sh7OCy+xKGdKC9FVYoKHmBScewpMX3DWMQSN7X5LPtWWS8u56tBPrGt8xwRJvofo4/7EA==",
      "engines": {
        "node": ">=14"
      }
    },
    "node_modules/@fleet-sdk/compiler": {
      "version": "0.2.3",
      "resolved": "https://registry.npmjs.org/@fleet-sdk/compiler/-/compiler-0.2.3.tgz",
      "integrity": "sha512-Z0skIbGstDlzQqNJdfateolyqXRV/zqO0t6sk3jg7eJTSguyctH06gbBVjGV9oy/nNRCOzIGnCYyO4JfuVX1ZA==",
      "dependencies": {
        "@fleet-sdk/common": "^0.2.3",
        "@fleet-sdk/core": "^0.2.3",
        "@fleet-sdk/crypto": "^0.2.3",
        "@fleet-sdk/serializer": "^0.2.3",
        "sigmastate-js": "0.2.1-snapshot.8a862d393"
      },
      "engines": {
        "node": ">=14"
      }
    },
    "node_modules/@fleet-sdk/core": {
      "version": "0.2.3",
      "resolved": "https://registry.npmjs.org/@fleet-sdk/core/-/core-0.2.3.tgz",
      "integrity": "sha512-jMS5Y/qjogHPqV5E3Qb/0RiMg6y5eobLHFBuSf4LFMFbFaMA6+JnWy7fyBelXy4wqkEjcrb84w58eBdPIAC5hA==",
      "dependencies": {
        "@fleet-sdk/common": "^0.2.3",
        "@fleet-sdk/crypto": "^0.2.3",
        "@fleet-sdk/serializer": "^0.2.3"
      },
      "engines": {
        "node": ">=14"
      }
    },
    "node_modules/@fleet-sdk/crypto": {
      "version": "0.2.3",
      "resolved": "https://registry.npmjs.org/@fleet-sdk/crypto/-/crypto-0.2.3.tgz",
      "integrity": "sha512-ETBRLYK7Y4buX2ua7/bqORb6GqAhlCjQtvSOyN6CvLvN0XfECumJoJzOU0/CMJolNwYpBwRcTfmyDTd5liniGg==",
      "dependencies": {
        "@fleet-sdk/common": "^0.2.3",
        "@noble/hashes": "^1.3.2",
        "@scure/base": "^1.1.3"
      },
      "engines": {
        "node": ">=14"
      }
    },
    "node_modules/@fleet-sdk/serializer": {
      "version": "0.2.3",
      "resolved": "https://registry.npmjs.org/@fleet-sdk/serializer/-/serializer-0.2.3.tgz",
      "integrity": "sha512-2puQMbmV3t2uRZ2rRaxXQyxUoVX5RC8RMW4TC3pnrzc4CXQUwcK4aVxTlOFSW4WEYc7FmOhuW93jkw7cpM4qHg==",
      "dependencies": {
        "@fleet-sdk/common": "^0.2.3",
        "@fleet-sdk/crypto": "^0.2.3"
      },
      "engines": {
        "node": ">=14"
      }
    },
    "node_modules/@noble/hashes": {
      "version": "1.3.2",
      "resolved": "https://registry.npmjs.org/@noble/hashes/-/hashes-1.3.2.tgz",
      "integrity": "sha512-MVC8EAQp7MvEcm30KWENFjgR+Mkmf+D189XJTkFIlwohU5hcBbn1ZkKq7KVTi2Hme3PMGF390DaL52beVrIihQ==",
      "engines": {
        "node": ">= 16"
      },
      "funding": {
        "url": "https://paulmillr.com/funding/"
      }
    },
    "node_modules/@scure/base": {
      "version": "1.1.3",
      "resolved": "https://registry.npmjs.org/@scure/base/-/base-1.1.3.tgz",
      "integrity": "sha512-/+SgoRjLq7Xlf0CWuLHq2LUZeL/w65kfzAPG5NH9pcmBhs+nunQTn4gvdwgMTIXnt9b2C/1SeL2XiysZEyIC9Q==",
      "funding": {
        "url": "https://paulmillr.com/funding/"
      }
    },
    "node_modules/@types/node": {
      "version": "20.8.8",
      "resolved": "https://registry.npmjs.org/@types/node/-/node-20.8.8.tgz",
      "integrity": "sha512-YRsdVxq6OaLfmR9Hy816IMp33xOBjfyOgUd77ehqg96CFywxAPbDbXvAsuN2KVg2HOT8Eh6uAfU+l4WffwPVrQ==",
      "dev": true,
      "dependencies": {
        "undici-types": "~5.25.1"
      }
    },
    "node_modules/sigmajs-crypto-facade": {
      "version": "0.0.6",
      "resolved": "https://registry.npmjs.org/sigmajs-crypto-facade/-/sigmajs-crypto-facade-0.0.6.tgz",
      "integrity": "sha512-Nbz+CZ0rgMvDN76C3bQjrFHO30qSHE9Fti+Co4WvNzL9UTaxSOlfSFJy89u0QX+IkVNvXd35RqiyiekLpTUSsA==",
      "dependencies": {
        "@noble/hashes": "^1.1.4"
      },
      "engines": {
        "node": ">=10"
      }
    },
    "node_modules/sigmastate-js": {
      "version": "0.2.1-snapshot.8a862d393",
      "resolved": "https://registry.npmjs.org/sigmastate-js/-/sigmastate-js-0.2.1-snapshot.8a862d393.tgz",
      "integrity": "sha512-IVU6X8R0zL37XGOFrPmadHXQjVqa3mdeGRFnLKihNQzZTj9NDnpxCRB7uPstR+52MFrR1pPPzKu4Bj6XtsFsoQ==",
      "dependencies": {
        "@fleet-sdk/common": "0.1.0-alpha.14",
        "@noble/hashes": "1.1.4",
        "sigmajs-crypto-facade": "0.0.6"
      }
    },
    "node_modules/sigmastate-js/node_modules/@fleet-sdk/common": {
      "version": "0.1.0-alpha.14",
      "resolved": "https://registry.npmjs.org/@fleet-sdk/common/-/common-0.1.0-alpha.14.tgz",
      "integrity": "sha512-w6AMHe77FaSb759e3EwcOVRQ/lEsCdr1pXq376B+T80do5pUcWjrlrIEKKNrEJPCyqW8nNClxIqBVqkFuPbbMw==",
      "engines": {
        "node": ">=10"
      }
    },
    "node_modules/sigmastate-js/node_modules/@noble/hashes": {
      "version": "1.1.4",
      "resolved": "https://registry.npmjs.org/@noble/hashes/-/hashes-1.1.4.tgz",
      "integrity": "sha512-+PYsVPrTSqtVjatKt2A/Proukn2Yrz61OBThOCKErc5w2/r1Fh37vbDv0Eah7pyNltrmacjwTvdw3JoR+WE4TA==",
      "funding": [
        {
          "type": "individual",
          "url": "https://paulmillr.com/funding/"
        }
      ]
    },
    "node_modules/typescript": {
      "version": "5.2.2",
      "resolved": "https://registry.npmjs.org/typescript/-/typescript-5.2.2.tgz",
      "integrity": "sha512-mI4WrpHsbCIcwT9cF4FZvr80QUeKvsUsUvKDoR+X/7XHQH98xYD8YHZg7ANtz2GtZt/CBq2QJ0thkGJMHfqc1w==",
      "dev": true,
      "bin": {
        "tsc": "bin/tsc",
        "tsserver": "bin/tsserver"
      },
      "engines": {
        "node": ">=14.17"
      }
    },
    "node_modules/undici-types": {
      "version": "5.25.3",
      "resolved": "https://registry.npmjs.org/undici-types/-/undici-types-5.25.3.tgz",
      "integrity": "sha512-Ga1jfYwRn7+cP9v8auvEXN1rX3sWqlayd4HP7OKk4mZWylEmu3KzXDUGrQUN6Ol7qo1gPvB2e5gX6udnyEPgdA==",
      "dev": true
    }
  }
}
