{
  "requires": true,
  "lockfileVersion": 1,
  "dependencies": {
    "@fleet-sdk/common": {
      "version": "0.2.3",
      "resolved": "https://registry.npmjs.org/@fleet-sdk/common/-/common-0.2.3.tgz",
      "integrity": "sha512-pu0h/RnmEyvS6egs6sh7OCy+xKGdKC9FVYoKHmBScewpMX3DWMQSN7X5LPtWWS8u56tBPrGt8xwRJvofo4/7EA=="
    },
    "@fleet-sdk/core": {
      "version": "0.2.3",
      "resolved": "https://registry.npmjs.org/@fleet-sdk/core/-/core-0.2.3.tgz",
      "integrity": "sha512-jMS5Y/qjogHPqV5E3Qb/0RiMg6y5eobLHFBuSf4LFMFbFaMA6+JnWy7fyBelXy4wqkEjcrb84w58eBdPIAC5hA==",
      "requires": {
        "@fleet-sdk/common": "^0.2.3",
        "@fleet-sdk/crypto": "^0.2.3",
        "@fleet-sdk/serializer": "^0.2.3"
      }
    },
    "@fleet-sdk/crypto": {
      "version": "0.2.3",
      "resolved": "https://registry.npmjs.org/@fleet-sdk/crypto/-/crypto-0.2.3.tgz",
      "integrity": "sha512-ETBRLYK7Y4buX2ua7/bqORb6GqAhlCjQtvSOyN6CvLvN0XfECumJoJzOU0/CMJolNwYpBwRcTfmyDTd5liniGg==",
      "requires": {
        "@fleet-sdk/common": "^0.2.3",
        "@noble/hashes": "^1.3.2",
        "@scure/base": "^1.1.3"
      }
    },
    "@fleet-sdk/serializer": {
      "version": "0.2.3",
      "resolved": "https://registry.npmjs.org/@fleet-sdk/serializer/-/serializer-0.2.3.tgz",
      "integrity": "sha512-2puQMbmV3t2uRZ2rRaxXQyxUoVX5RC8RMW4TC3pnrzc4CXQUwcK4aVxTlOFSW4WEYc7FmOhuW93jkw7cpM4qHg==",
      "requires": {
        "@fleet-sdk/common": "^0.2.3",
        "@fleet-sdk/crypto": "^0.2.3"
      }
    },
    "@noble/hashes": {
      "version": "1.3.2",
      "resolved": "https://registry.npmjs.org/@noble/hashes/-/hashes-1.3.2.tgz",
      "integrity": "sha512-MVC8EAQp7MvEcm30KWENFjgR+Mkmf+D189XJTkFIlwohU5hcBbn1ZkKq7KVTi2Hme3PMGF390DaL52beVrIihQ=="
    },
    "@scure/base": {
      "version": "1.1.3",
      "resolved": "https://registry.npmjs.org/@scure/base/-/base-1.1.3.tgz",
      "integrity": "sha512-/+SgoRjLq7Xlf0CWuLHq2LUZeL/w65kfzAPG5NH9pcmBhs+nunQTn4gvdwgMTIXnt9b2C/1SeL2XiysZEyIC9Q=="
    },
    "typescript": {
      "version": "5.2.2",
      "resolved": "https://registry.npmjs.org/typescript/-/typescript-5.2.2.tgz",
      "integrity": "sha512-mI4WrpHsbCIcwT9cF4FZvr80QUeKvsUsUvKDoR+X/7XHQH98xYD8YHZg7ANtz2GtZt/CBq2QJ0thkGJMHfqc1w==",
      "dev": true
    }
  }
}
